
Microsoft Visual Studio Solution File, Format Version 12.00
Project("{FAE04EC0-301F-11D3-BF4B-00C04F79EFBC}") = "TheBestTable", "TheBestTable\TheBestTable.csproj", "{830E8078-8C74-44D6-97A2-575B4C44C763}"
EndProject
Global
	GlobalSection(SolutionConfigurationPlatforms) = preSolution
		Debug|Any CPU = Debug|Any CPU
		Release|Any CPU = Release|Any CPU
	EndGlobalSection
	GlobalSection(ProjectConfigurationPlatforms) = postSolution
		{830E8078-8C74-44D6-97A2-575B4C44C763}.Debug|Any CPU.ActiveCfg = Debug|Any CPU
		{830E8078-8C74-44D6-97A2-575B4C44C763}.Debug|Any CPU.Build.0 = Debug|Any CPU
		{830E8078-8C74-44D6-97A2-575B4C44C763}.Release|Any CPU.ActiveCfg = Release|Any CPU
		{830E8078-8C74-44D6-97A2-575B4C44C763}.Release|Any CPU.Build.0 = Release|Any CPU
	EndGlobalSection
EndGlobal
